<?xml version="1.0" encoding="utf-8"?>
<Project ToolsVersion="4.0" xmlns="http://schemas.microsoft.com/developer/msbuild/2003">
  <ItemGroup>
    <Filter Include="ヘッダー ファイル">
      <UniqueIdentifier>{93995380-89BD-4b04-88EB-625FBE52EBFB}</UniqueIdentifier>
      <Extensions>h;hh;hpp;hxx;h++;hm;inl;inc;ipp;xsd</Extensions>
    </Filter>
    <Filter Include="リソース ファイル">
      <UniqueIdentifier>{67DA6AB6-F800-4c08-8B7A-83BB121AAD01}</UniqueIdentifier>
      <Extensions>rc;ico;cur;bmp;dlg;rc2;rct;bin;rgs;gif;jpg;jpeg;jpe;resx;tiff;tif;png;wav;mfcribbon-ms</Extensions>
    </Filter>
  </ItemGroup>
  <ItemGroup>
    <ClCompile Include="pokemon.cpp" />
  </ItemGroup>
  <ItemGroup>
    <Image Include="picture\オラポン.png">
      <Filter>リソース ファイル</Filter>
    </Image>
    <Image Include="picture\オラポン_小.png">
      <Filter>リソース ファイル</Filter>
    </Image>
    <Image Include="picture\カーソル右下.png">
      <Filter>リソース ファイル</Filter>
    </Image>
    <Image Include="picture\カーソル右上.png">
      <Filter>リソース ファイル</Filter>
    </Image>
    <Image Include="picture\カーソル左下.png">
      <Filter>リソース ファイル</Filter>
    </Image>
    <Image Include="picture\カーソル左上.png">
      <Filter>リソース ファイル</Filter>
    </Image>
    <Image Include="picture\かぼやん.png">
      <Filter>リソース ファイル</Filter>
    </Image>
    <Image Include="picture\かぼやん_小.png">
      <Filter>リソース ファイル</Filter>
    </Image>
    <Image Include="picture\クロネコ.png">
      <Filter>リソース ファイル</Filter>
    </Image>
    <Image Include="picture\クロネコ_小.png">
      <Filter>リソース ファイル</Filter>
    </Image>
    <Image Include="picture\ゴールドシップ.png">
      <Filter>リソース ファイル</Filter>
    </Image>
    <Image Include="picture\ゴールドシップ_小.png">
      <Filter>リソース ファイル</Filter>
    </Image>
    <Image Include="picture\せいじ.png">
      <Filter>リソース ファイル</Filter>
    </Image>
    <Image Include="picture\せいじ_小.png">
      <Filter>リソース ファイル</Filter>
    </Image>
    <Image Include="picture\ビーチ.jpg">
      <Filter>リソース ファイル</Filter>
    </Image>
    <Image Include="picture\ビリオン.png">
      <Filter>リソース ファイル</Filter>
    </Image>
    <Image Include="picture\ビリオン_小.png">
      <Filter>リソース ファイル</Filter>
    </Image>
    <Image Include="picture\ボール.png">
      <Filter>リソース ファイル</Filter>
    </Image>
    <Image Include="picture\ボール右上.png">
      <Filter>リソース ファイル</Filter>
    </Image>
    <Image Include="picture\メタゴン.png">
      <Filter>リソース ファイル</Filter>
    </Image>
    <Image Include="picture\メタゴン_小.png">
      <Filter>リソース ファイル</Filter>
    </Image>
    <Image Include="picture\モンスターボール.png">
      <Filter>リソース ファイル</Filter>
    </Image>
    <Image Include="picture\モンスターボール右上.png">
      <Filter>リソース ファイル</Filter>
    </Image>
    <Image Include="picture\ゆきぷりん.png">
      <Filter>リソース ファイル</Filter>
    </Image>
    <Image Include="picture\ゆきぷりん_小.png">
      <Filter>リソース ファイル</Filter>
    </Image>
    <Image Include="picture\攻撃時下画面.jpg">
      <Filter>リソース ファイル</Filter>
    </Image>
    <Image Include="picture\meta.png">
      <Filter>リソース ファイル</Filter>
    </Image>
    <Image Include="picture\show.png">
      <Filter>リソース ファイル</Filter>
    </Image>
    <Image Include="picture\DS_BIOS.jpg">
      <Filter>リソース ファイル</Filter>
    </Image>
    <Image Include="picture\無.png">
      <Filter>リソース ファイル</Filter>
    </Image>
  </ItemGroup>
</Project>